
Microsoft Visual Studio Solution File, Format Version 12.00
# Visual Studio 15
VisualStudioVersion = 15.0.28307.902
MinimumVisualStudioVersion = 10.0.40219.1
Project("{FAE04EC0-301F-11D3-BF4B-00C04F79EFBC}") = "CE", "CE\CE.csproj", "{294DA475-225A-4B03-85A3-9DE2698236EC}"
EndProject
Global
	GlobalSection(SolutionConfigurationPlatforms) = preSolution
		Debug|Any CPU = Debug|Any CPU
		Debug|Mixed Platforms = Debug|Mixed Platforms
		Debug|x86 = Debug|x86
		Release|Any CPU = Release|Any CPU
		Release|Mixed Platforms = Release|Mixed Platforms
		Release|x86 = Release|x86
	EndGlobalSection
	GlobalSection(ProjectConfigurationPlatforms) = postSolution
		{294DA475-225A-4B03-85A3-9DE2698236EC}.Debug|Any CPU.ActiveCfg = Debug|Any CPU
		{294DA475-225A-4B03-85A3-9DE2698236EC}.Debug|Any CPU.Build.0 = Debug|Any CPU
		{294DA475-225A-4B03-85A3-9DE2698236EC}.Debug|Mixed Platforms.ActiveCfg = Debug|Any CPU
		{294DA475-225A-4B03-85A3-9DE2698236EC}.Debug|Mixed Platforms.Build.0 = Debug|Any CPU
		{294DA475-225A-4B03-85A3-9DE2698236EC}.Debug|x86.ActiveCfg = Debug|Any CPU
		{294DA475-225A-4B03-85A3-9DE2698236EC}.Release|Any CPU.ActiveCfg = Release|Any CPU
		{294DA475-225A-4B03-85A3-9DE2698236EC}.Release|Any CPU.Build.0 = Release|Any CPU
		{294DA475-225A-4B03-85A3-9DE2698236EC}.Release|Mixed Platforms.ActiveCfg = Release|Any CPU
		{294DA475-225A-4B03-85A3-9DE2698236EC}.Release|Mixed Platforms.Build.0 = Release|Any CPU
		{294DA475-225A-4B03-85A3-9DE2698236EC}.Release|x86.ActiveCfg = Release|Any CPU
	EndGlobalSection
	GlobalSection(SolutionProperties) = preSolution
		HideSolutionNode = FALSE
	EndGlobalSection
	GlobalSection(ExtensibilityGlobals) = postSolution
		SolutionGuid = {02222E11-E4A7-45E8-9268-D76B04F4D9E7}
	EndGlobalSection
EndGlobal
